
Microsoft Visual Studio Solution File, Format Version 12.00
# Visual Studio Version 17
VisualStudioVersion = 17.9.34902.65
MinimumVisualStudioVersion = 10.0.40219.1
Project("{FAE04EC0-301F-11D3-BF4B-00C04F79EFBC}") = "API", "API\API.csproj", "{B78250E3-4C6A-45F3-9056-1DF1DEE26D0B}"
EndProject
Project("{9A19103F-16F7-4668-BE54-9A1E7A4F7556}") = "Data", "Data\Data.csproj", "{C94931B2-704D-4C27-A684-8C8450A0A841}"
EndProject
Project("{9A19103F-16F7-4668-BE54-9A1E7A4F7556}") = "Models", "Models\Models.csproj", "{1BF921EF-0198-4CEF-A80F-903C9E64043C}"
EndProject
Global
	GlobalSection(SolutionConfigurationPlatforms) = preSolution
		Debug|Any CPU = Debug|Any CPU
		Release|Any CPU = Release|Any CPU
	EndGlobalSection
	GlobalSection(ProjectConfigurationPlatforms) = postSolution
		{B78250E3-4C6A-45F3-9056-1DF1DEE26D0B}.Debug|Any CPU.ActiveCfg = Debug|Any CPU
		{B78250E3-4C6A-45F3-9056-1DF1DEE26D0B}.Debug|Any CPU.Build.0 = Debug|Any CPU
		{B78250E3-4C6A-45F3-9056-1DF1DEE26D0B}.Release|Any CPU.ActiveCfg = Release|Any CPU
		{B78250E3-4C6A-45F3-9056-1DF1DEE26D0B}.Release|Any CPU.Build.0 = Release|Any CPU
		{C94931B2-704D-4C27-A684-8C8450A0A841}.Debug|Any CPU.ActiveCfg = Debug|Any CPU
		{C94931B2-704D-4C27-A684-8C8450A0A841}.Debug|Any CPU.Build.0 = Debug|Any CPU
		{C94931B2-704D-4C27-A684-8C8450A0A841}.Release|Any CPU.ActiveCfg = Release|Any CPU
		{C94931B2-704D-4C27-A684-8C8450A0A841}.Release|Any CPU.Build.0 = Release|Any CPU
		{1BF921EF-0198-4CEF-A80F-903C9E64043C}.Debug|Any CPU.ActiveCfg = Debug|Any CPU
		{1BF921EF-0198-4CEF-A80F-903C9E64043C}.Debug|Any CPU.Build.0 = Debug|Any CPU
		{1BF921EF-0198-4CEF-A80F-903C9E64043C}.Release|Any CPU.ActiveCfg = Release|Any CPU
		{1BF921EF-0198-4CEF-A80F-903C9E64043C}.Release|Any CPU.Build.0 = Release|Any CPU
	EndGlobalSection
	GlobalSection(SolutionProperties) = preSolution
		HideSolutionNode = FALSE
	EndGlobalSection
	GlobalSection(ExtensibilityGlobals) = postSolution
		SolutionGuid = {4D27BB4A-28F1-4941-A76C-AE827B1CFD46}
	EndGlobalSection
EndGlobal
